
Microsoft Visual Studio Solution File, Format Version 12.00
# Visual Studio 15
VisualStudioVersion = 15.0.27130.2003
MinimumVisualStudioVersion = 10.0.40219.1
Project("{FAE04EC0-301F-11D3-BF4B-00C04F79EFBC}") = "BaseFiller", "BaseFiller\BaseFiller.csproj", "{F1D22B7B-9F2E-45A3-9084-A69B30D29746}"
EndProject
Global
	GlobalSection(SolutionConfigurationPlatforms) = preSolution
		Debug|Any CPU = Debug|Any CPU
		Release|Any CPU = Release|Any CPU
	EndGlobalSection
	GlobalSection(ProjectConfigurationPlatforms) = postSolution
		{F1D22B7B-9F2E-45A3-9084-A69B30D29746}.Debug|Any CPU.ActiveCfg = Debug|Any CPU
		{F1D22B7B-9F2E-45A3-9084-A69B30D29746}.Debug|Any CPU.Build.0 = Debug|Any CPU
		{F1D22B7B-9F2E-45A3-9084-A69B30D29746}.Release|Any CPU.ActiveCfg = Release|Any CPU
		{F1D22B7B-9F2E-45A3-9084-A69B30D29746}.Release|Any CPU.Build.0 = Release|Any CPU
	EndGlobalSection
	GlobalSection(SolutionProperties) = preSolution
		HideSolutionNode = FALSE
	EndGlobalSection
	GlobalSection(ExtensibilityGlobals) = postSolution
		SolutionGuid = {1D5730E5-CAC7-478E-9602-436B66352B97}
	EndGlobalSection
EndGlobal
